# This file is generated by running "yarn install" inside your project.
# Manual changes might be lost - proceed with caution!

__metadata:
  version: 8
  cacheKey: 10c0

"@prisma/engines@npm:5.6.0":
  version: 5.6.0
  resolution: "@prisma/engines@npm:5.6.0"
  checksum: 587cf254da9628ddfd21a8f519b841c5c7713f2e3208e65cae3ec0ef812a67a001bee4ffe19d8ba71a867419a3f8540b64d7998c63696b951270397732d08886
  languageName: node
  linkType: hard

"prisma@npm:^5.6.0":
  version: 5.6.0
  resolution: "prisma@npm:5.6.0"
  dependencies:
    "@prisma/engines": "npm:5.6.0"
  bin:
    prisma: build/index.js
  checksum: 8d8069295cf7402f6eb103fa1d5c511c1006fc78057fa180e9b0688076703b33301ce6b04a30575d8b01f0bbe9a26b3c196d0bc4f9253eca9ee780e0800ce602
  languageName: node
  linkType: hard

"simpleInventory@workspace:.":
  version: 0.0.0-use.local
  resolution: "simpleInventory@workspace:."
  dependencies:
    prisma: "npm:^5.6.0"
  languageName: unknown
  linkType: soft
